
Microsoft Visual Studio Solution File, Format Version 12.00
# Visual Studio Version 17
VisualStudioVersion = 17.4.33122.133
MinimumVisualStudioVersion = 10.0.40219.1
Project("{FAE04EC0-301F-11D3-BF4B-00C04F79EFBC}") = "Grafica", "Grafica\Grafica.csproj", "{B35453F1-5717-41DB-BE8A-F161358F88FF}"
EndProject
Global
	GlobalSection(SolutionConfigurationPlatforms) = preSolution
		Debug|Any CPU = Debug|Any CPU
		Release|Any CPU = Release|Any CPU
	EndGlobalSection
	GlobalSection(ProjectConfigurationPlatforms) = postSolution
		{B35453F1-5717-41DB-BE8A-F161358F88FF}.Debug|Any CPU.ActiveCfg = Debug|Any CPU
		{B35453F1-5717-41DB-BE8A-F161358F88FF}.Debug|Any CPU.Build.0 = Debug|Any CPU
		{B35453F1-5717-41DB-BE8A-F161358F88FF}.Release|Any CPU.ActiveCfg = Release|Any CPU
		{B35453F1-5717-41DB-BE8A-F161358F88FF}.Release|Any CPU.Build.0 = Release|Any CPU
	EndGlobalSection
	GlobalSection(SolutionProperties) = preSolution
		HideSolutionNode = FALSE
	EndGlobalSection
	GlobalSection(ExtensibilityGlobals) = postSolution
		SolutionGuid = {AC76C3E0-AC82-478D-B686-C79B827F619C}
	EndGlobalSection
EndGlobal
